
Microsoft Visual Studio Solution File, Format Version 12.00
# Visual Studio Express 15 for Windows Desktop
VisualStudioVersion = 15.0.28010.2003
MinimumVisualStudioVersion = 10.0.40219.1
Project("{FAE04EC0-301F-11D3-BF4B-00C04F79EFBC}") = "VistaConsola", "VistaConsola\VistaConsola.csproj", "{372CC87B-E778-4488-B647-D417B123B320}"
EndProject
Project("{FAE04EC0-301F-11D3-BF4B-00C04F79EFBC}") = "ClasesAbstractas", "ClasesAbstractas\ClasesAbstractas.csproj", "{F507E3DA-E4FF-43D0-BE1A-F9290C36EFA0}"
EndProject
Project("{FAE04EC0-301F-11D3-BF4B-00C04F79EFBC}") = "ClasesInstanciables", "ClasesInstanciables\ClasesInstanciables.csproj", "{B34F411D-A434-459A-9135-84D8E14D4CB1}"
EndProject
Project("{FAE04EC0-301F-11D3-BF4B-00C04F79EFBC}") = "Archivos", "Archivos\Archivos.csproj", "{7E15E394-EECE-4692-A9A4-5ABC5C954C05}"
EndProject
Project("{FAE04EC0-301F-11D3-BF4B-00C04F79EFBC}") = "Excepciones", "Exepciones\Excepciones.csproj", "{5DDAF923-E385-4E26-9879-AEF89D541817}"
EndProject
Project("{FAE04EC0-301F-11D3-BF4B-00C04F79EFBC}") = "TestUnitario", "TestUnitario\TestUnitario.csproj", "{B0B2D8E2-FC47-4EF9-B118-DF4FC7354CC3}"
EndProject
Global
	GlobalSection(SolutionConfigurationPlatforms) = preSolution
		Debug|Any CPU = Debug|Any CPU
		Release|Any CPU = Release|Any CPU
	EndGlobalSection
	GlobalSection(ProjectConfigurationPlatforms) = postSolution
		{372CC87B-E778-4488-B647-D417B123B320}.Debug|Any CPU.ActiveCfg = Debug|Any CPU
		{372CC87B-E778-4488-B647-D417B123B320}.Debug|Any CPU.Build.0 = Debug|Any CPU
		{372CC87B-E778-4488-B647-D417B123B320}.Release|Any CPU.ActiveCfg = Release|Any CPU
		{372CC87B-E778-4488-B647-D417B123B320}.Release|Any CPU.Build.0 = Release|Any CPU
		{F507E3DA-E4FF-43D0-BE1A-F9290C36EFA0}.Debug|Any CPU.ActiveCfg = Debug|Any CPU
		{F507E3DA-E4FF-43D0-BE1A-F9290C36EFA0}.Debug|Any CPU.Build.0 = Debug|Any CPU
		{F507E3DA-E4FF-43D0-BE1A-F9290C36EFA0}.Release|Any CPU.ActiveCfg = Release|Any CPU
		{F507E3DA-E4FF-43D0-BE1A-F9290C36EFA0}.Release|Any CPU.Build.0 = Release|Any CPU
		{B34F411D-A434-459A-9135-84D8E14D4CB1}.Debug|Any CPU.ActiveCfg = Debug|Any CPU
		{B34F411D-A434-459A-9135-84D8E14D4CB1}.Debug|Any CPU.Build.0 = Debug|Any CPU
		{B34F411D-A434-459A-9135-84D8E14D4CB1}.Release|Any CPU.ActiveCfg = Release|Any CPU
		{B34F411D-A434-459A-9135-84D8E14D4CB1}.Release|Any CPU.Build.0 = Release|Any CPU
		{7E15E394-EECE-4692-A9A4-5ABC5C954C05}.Debug|Any CPU.ActiveCfg = Debug|Any CPU
		{7E15E394-EECE-4692-A9A4-5ABC5C954C05}.Debug|Any CPU.Build.0 = Debug|Any CPU
		{7E15E394-EECE-4692-A9A4-5ABC5C954C05}.Release|Any CPU.ActiveCfg = Release|Any CPU
		{7E15E394-EECE-4692-A9A4-5ABC5C954C05}.Release|Any CPU.Build.0 = Release|Any CPU
		{5DDAF923-E385-4E26-9879-AEF89D541817}.Debug|Any CPU.ActiveCfg = Debug|Any CPU
		{5DDAF923-E385-4E26-9879-AEF89D541817}.Debug|Any CPU.Build.0 = Debug|Any CPU
		{5DDAF923-E385-4E26-9879-AEF89D541817}.Release|Any CPU.ActiveCfg = Release|Any CPU
		{5DDAF923-E385-4E26-9879-AEF89D541817}.Release|Any CPU.Build.0 = Release|Any CPU
		{B0B2D8E2-FC47-4EF9-B118-DF4FC7354CC3}.Debug|Any CPU.ActiveCfg = Debug|Any CPU
		{B0B2D8E2-FC47-4EF9-B118-DF4FC7354CC3}.Debug|Any CPU.Build.0 = Debug|Any CPU
		{B0B2D8E2-FC47-4EF9-B118-DF4FC7354CC3}.Release|Any CPU.ActiveCfg = Release|Any CPU
		{B0B2D8E2-FC47-4EF9-B118-DF4FC7354CC3}.Release|Any CPU.Build.0 = Release|Any CPU
	EndGlobalSection
	GlobalSection(SolutionProperties) = preSolution
		HideSolutionNode = FALSE
	EndGlobalSection
	GlobalSection(ExtensibilityGlobals) = postSolution
		SolutionGuid = {650DBA6B-A04E-4F03-8D16-23A9DF0B5A61}
	EndGlobalSection
EndGlobal
